
Microsoft Visual Studio Solution File, Format Version 12.00
# Visual Studio Version 17
VisualStudioVersion = 17.4.33213.308
MinimumVisualStudioVersion = 10.0.40219.1
Project("{FAE04EC0-301F-11D3-BF4B-00C04F79EFBC}") = "FunWithMusic", "FunWithMusic\FunWithMusic.csproj", "{284CFAFA-5132-4F58-A051-E7CF3A6051C8}"
EndProject
Global
	GlobalSection(SolutionConfigurationPlatforms) = preSolution
		Debug|Any CPU = Debug|Any CPU
		Release|Any CPU = Release|Any CPU
	EndGlobalSection
	GlobalSection(ProjectConfigurationPlatforms) = postSolution
		{284CFAFA-5132-4F58-A051-E7CF3A6051C8}.Debug|Any CPU.ActiveCfg = Debug|Any CPU
		{284CFAFA-5132-4F58-A051-E7CF3A6051C8}.Debug|Any CPU.Build.0 = Debug|Any CPU
		{284CFAFA-5132-4F58-A051-E7CF3A6051C8}.Release|Any CPU.ActiveCfg = Release|Any CPU
		{284CFAFA-5132-4F58-A051-E7CF3A6051C8}.Release|Any CPU.Build.0 = Release|Any CPU
	EndGlobalSection
	GlobalSection(SolutionProperties) = preSolution
		HideSolutionNode = FALSE
	EndGlobalSection
	GlobalSection(ExtensibilityGlobals) = postSolution
		SolutionGuid = {D87035A6-913F-41DC-A246-D7520B1AFE4E}
	EndGlobalSection
EndGlobal
